
Microsoft Visual Studio Solution File, Format Version 12.00
# Visual Studio Version 17
VisualStudioVersion = 17.9.34701.34
MinimumVisualStudioVersion = 10.0.40219.1
Project("{9A19103F-16F7-4668-BE54-9A1E7A4F7556}") = "Client", "Client\Client.csproj", "{FB110658-B5FF-4D63-897F-CCE7671EA1CC}"
EndProject
Project("{9A19103F-16F7-4668-BE54-9A1E7A4F7556}") = "Server", "Server\Server.csproj", "{2025FA2D-9B5A-4A96-8B33-B7C17CB713E3}"
EndProject
Project("{9A19103F-16F7-4668-BE54-9A1E7A4F7556}") = "ClientConsole", "ClientConsole\ClientConsole.csproj", "{D9DAAB69-96A7-497C-940E-67523FF2A3FC}"
EndProject
Project("{FAE04EC0-301F-11D3-BF4B-00C04F79EFBC}") = "AnotherClientConsole", "AnotherClientConsole\AnotherClientConsole.csproj", "{37F3B99D-CD99-45C5-959E-FF8960F93298}"
EndProject
Project("{FAE04EC0-301F-11D3-BF4B-00C04F79EFBC}") = "AnotherServer", "AnotherServer\AnotherServer.csproj", "{C23FBA3C-F266-40B9-A997-65D53EC9326F}"
EndProject
Global
	GlobalSection(SolutionConfigurationPlatforms) = preSolution
		Debug|Any CPU = Debug|Any CPU
		Release|Any CPU = Release|Any CPU
	EndGlobalSection
	GlobalSection(ProjectConfigurationPlatforms) = postSolution
		{FB110658-B5FF-4D63-897F-CCE7671EA1CC}.Debug|Any CPU.ActiveCfg = Debug|Any CPU
		{FB110658-B5FF-4D63-897F-CCE7671EA1CC}.Debug|Any CPU.Build.0 = Debug|Any CPU
		{FB110658-B5FF-4D63-897F-CCE7671EA1CC}.Release|Any CPU.ActiveCfg = Release|Any CPU
		{FB110658-B5FF-4D63-897F-CCE7671EA1CC}.Release|Any CPU.Build.0 = Release|Any CPU
		{2025FA2D-9B5A-4A96-8B33-B7C17CB713E3}.Debug|Any CPU.ActiveCfg = Debug|Any CPU
		{2025FA2D-9B5A-4A96-8B33-B7C17CB713E3}.Debug|Any CPU.Build.0 = Debug|Any CPU
		{2025FA2D-9B5A-4A96-8B33-B7C17CB713E3}.Release|Any CPU.ActiveCfg = Release|Any CPU
		{2025FA2D-9B5A-4A96-8B33-B7C17CB713E3}.Release|Any CPU.Build.0 = Release|Any CPU
		{D9DAAB69-96A7-497C-940E-67523FF2A3FC}.Debug|Any CPU.ActiveCfg = Debug|Any CPU
		{D9DAAB69-96A7-497C-940E-67523FF2A3FC}.Debug|Any CPU.Build.0 = Debug|Any CPU
		{D9DAAB69-96A7-497C-940E-67523FF2A3FC}.Release|Any CPU.ActiveCfg = Release|Any CPU
		{D9DAAB69-96A7-497C-940E-67523FF2A3FC}.Release|Any CPU.Build.0 = Release|Any CPU
		{37F3B99D-CD99-45C5-959E-FF8960F93298}.Debug|Any CPU.ActiveCfg = Debug|Any CPU
		{37F3B99D-CD99-45C5-959E-FF8960F93298}.Debug|Any CPU.Build.0 = Debug|Any CPU
		{37F3B99D-CD99-45C5-959E-FF8960F93298}.Release|Any CPU.ActiveCfg = Release|Any CPU
		{37F3B99D-CD99-45C5-959E-FF8960F93298}.Release|Any CPU.Build.0 = Release|Any CPU
		{C23FBA3C-F266-40B9-A997-65D53EC9326F}.Debug|Any CPU.ActiveCfg = Debug|Any CPU
		{C23FBA3C-F266-40B9-A997-65D53EC9326F}.Debug|Any CPU.Build.0 = Debug|Any CPU
		{C23FBA3C-F266-40B9-A997-65D53EC9326F}.Release|Any CPU.ActiveCfg = Release|Any CPU
		{C23FBA3C-F266-40B9-A997-65D53EC9326F}.Release|Any CPU.Build.0 = Release|Any CPU
	EndGlobalSection
	GlobalSection(SolutionProperties) = preSolution
		HideSolutionNode = FALSE
	EndGlobalSection
	GlobalSection(ExtensibilityGlobals) = postSolution
		SolutionGuid = {85E1097D-6F29-4ACD-8972-E420B24F252C}
	EndGlobalSection
EndGlobal
